
Microsoft Visual Studio Solution File, Format Version 12.00
# Visual Studio Version 17
VisualStudioVersion = 17.7.34031.279
MinimumVisualStudioVersion = 10.0.40219.1
Project("{9A19103F-16F7-4668-BE54-9A1E7A4F7556}") = "DataAgent.API", "DataAgent.API\DataAgent.API.csproj", "{3A981A0D-8E13-4011-A992-D328D9D29699}"
EndProject
Project("{9A19103F-16F7-4668-BE54-9A1E7A4F7556}") = "DataAgent.Monitors.System", "DataAgent.SystemMonitors\DataAgent.Monitors.System.csproj", "{9E17CD39-8D43-4397-BD25-C0D9263CA943}"
EndProject
Project("{9A19103F-16F7-4668-BE54-9A1E7A4F7556}") = "DataAgent.FrameworkProxy", "DataAgent.FrameworkProxy\DataAgent.FrameworkProxy.csproj", "{BCE7C21A-0556-4D43-B2FA-C631A386CAA8}"
EndProject
Project("{9A19103F-16F7-4668-BE54-9A1E7A4F7556}") = "DataAgent.ClientApps.Console", "DataAgent.ClientApps.Console\DataAgent.ClientApps.Console.csproj", "{09B6720D-D776-4FE8-8E1E-517B044BD31F}"
EndProject
Project("{9A19103F-16F7-4668-BE54-9A1E7A4F7556}") = "DataAgent.ClientApps.WPF", "DataAgent.ClientApps.WPF\DataAgent.ClientApps.WPF.csproj", "{418FBEC7-E17C-411E-9D33-7FB72DFCB679}"
EndProject
Project("{2150E333-8FDC-42A3-9474-1A3956D46DE8}") = "Monitors", "Monitors", "{D7C56136-0810-4475-A10C-6A6CE1E627C7}"
EndProject
Project("{2150E333-8FDC-42A3-9474-1A3956D46DE8}") = "ClientApps", "ClientApps", "{212E691E-6196-48F0-8446-A140D8A689E7}"
EndProject
Project("{9A19103F-16F7-4668-BE54-9A1E7A4F7556}") = "DataAgent.Monitors.Interactions", "DataAgent.Monitors.Interactions\DataAgent.Monitors.Interactions.csproj", "{B2697E99-F98A-4ED2-A1EB-14CCBCA3FE94}"
EndProject
Project("{FAE04EC0-301F-11D3-BF4B-00C04F79EFBC}") = "AssignmentApp", "AssignmentApp\AssignmentApp.csproj", "{CA0EF36A-C430-47E8-A52C-F58F6FCF9218}"
EndProject
Global
	GlobalSection(SolutionConfigurationPlatforms) = preSolution
		Debug|Any CPU = Debug|Any CPU
		Debug|arm64 = Debug|arm64
		Debug|x64 = Debug|x64
		Debug|x86 = Debug|x86
		Release|Any CPU = Release|Any CPU
		Release|arm64 = Release|arm64
		Release|x64 = Release|x64
		Release|x86 = Release|x86
	EndGlobalSection
	GlobalSection(ProjectConfigurationPlatforms) = postSolution
		{3A981A0D-8E13-4011-A992-D328D9D29699}.Debug|Any CPU.ActiveCfg = Debug|Any CPU
		{3A981A0D-8E13-4011-A992-D328D9D29699}.Debug|Any CPU.Build.0 = Debug|Any CPU
		{3A981A0D-8E13-4011-A992-D328D9D29699}.Debug|arm64.ActiveCfg = Debug|Any CPU
		{3A981A0D-8E13-4011-A992-D328D9D29699}.Debug|arm64.Build.0 = Debug|Any CPU
		{3A981A0D-8E13-4011-A992-D328D9D29699}.Debug|x64.ActiveCfg = Debug|Any CPU
		{3A981A0D-8E13-4011-A992-D328D9D29699}.Debug|x64.Build.0 = Debug|Any CPU
		{3A981A0D-8E13-4011-A992-D328D9D29699}.Debug|x86.ActiveCfg = Debug|Any CPU
		{3A981A0D-8E13-4011-A992-D328D9D29699}.Debug|x86.Build.0 = Debug|Any CPU
		{3A981A0D-8E13-4011-A992-D328D9D29699}.Release|Any CPU.ActiveCfg = Release|Any CPU
		{3A981A0D-8E13-4011-A992-D328D9D29699}.Release|Any CPU.Build.0 = Release|Any CPU
		{3A981A0D-8E13-4011-A992-D328D9D29699}.Release|arm64.ActiveCfg = Release|Any CPU
		{3A981A0D-8E13-4011-A992-D328D9D29699}.Release|arm64.Build.0 = Release|Any CPU
		{3A981A0D-8E13-4011-A992-D328D9D29699}.Release|x64.ActiveCfg = Release|Any CPU
		{3A981A0D-8E13-4011-A992-D328D9D29699}.Release|x64.Build.0 = Release|Any CPU
		{3A981A0D-8E13-4011-A992-D328D9D29699}.Release|x86.ActiveCfg = Release|Any CPU
		{3A981A0D-8E13-4011-A992-D328D9D29699}.Release|x86.Build.0 = Release|Any CPU
		{9E17CD39-8D43-4397-BD25-C0D9263CA943}.Debug|Any CPU.ActiveCfg = Debug|Any CPU
		{9E17CD39-8D43-4397-BD25-C0D9263CA943}.Debug|Any CPU.Build.0 = Debug|Any CPU
		{9E17CD39-8D43-4397-BD25-C0D9263CA943}.Debug|arm64.ActiveCfg = Debug|Any CPU
		{9E17CD39-8D43-4397-BD25-C0D9263CA943}.Debug|arm64.Build.0 = Debug|Any CPU
		{9E17CD39-8D43-4397-BD25-C0D9263CA943}.Debug|x64.ActiveCfg = Debug|Any CPU
		{9E17CD39-8D43-4397-BD25-C0D9263CA943}.Debug|x64.Build.0 = Debug|Any CPU
		{9E17CD39-8D43-4397-BD25-C0D9263CA943}.Debug|x86.ActiveCfg = Debug|Any CPU
		{9E17CD39-8D43-4397-BD25-C0D9263CA943}.Debug|x86.Build.0 = Debug|Any CPU
		{9E17CD39-8D43-4397-BD25-C0D9263CA943}.Release|Any CPU.ActiveCfg = Release|Any CPU
		{9E17CD39-8D43-4397-BD25-C0D9263CA943}.Release|Any CPU.Build.0 = Release|Any CPU
		{9E17CD39-8D43-4397-BD25-C0D9263CA943}.Release|arm64.ActiveCfg = Release|Any CPU
		{9E17CD39-8D43-4397-BD25-C0D9263CA943}.Release|arm64.Build.0 = Release|Any CPU
		{9E17CD39-8D43-4397-BD25-C0D9263CA943}.Release|x64.ActiveCfg = Release|Any CPU
		{9E17CD39-8D43-4397-BD25-C0D9263CA943}.Release|x64.Build.0 = Release|Any CPU
		{9E17CD39-8D43-4397-BD25-C0D9263CA943}.Release|x86.ActiveCfg = Release|Any CPU
		{9E17CD39-8D43-4397-BD25-C0D9263CA943}.Release|x86.Build.0 = Release|Any CPU
		{BCE7C21A-0556-4D43-B2FA-C631A386CAA8}.Debug|Any CPU.ActiveCfg = Debug|Any CPU
		{BCE7C21A-0556-4D43-B2FA-C631A386CAA8}.Debug|Any CPU.Build.0 = Debug|Any CPU
		{BCE7C21A-0556-4D43-B2FA-C631A386CAA8}.Debug|arm64.ActiveCfg = Debug|Any CPU
		{BCE7C21A-0556-4D43-B2FA-C631A386CAA8}.Debug|arm64.Build.0 = Debug|Any CPU
		{BCE7C21A-0556-4D43-B2FA-C631A386CAA8}.Debug|x64.ActiveCfg = Debug|Any CPU
		{BCE7C21A-0556-4D43-B2FA-C631A386CAA8}.Debug|x64.Build.0 = Debug|Any CPU
		{BCE7C21A-0556-4D43-B2FA-C631A386CAA8}.Debug|x86.ActiveCfg = Debug|Any CPU
		{BCE7C21A-0556-4D43-B2FA-C631A386CAA8}.Debug|x86.Build.0 = Debug|Any CPU
		{BCE7C21A-0556-4D43-B2FA-C631A386CAA8}.Release|Any CPU.ActiveCfg = Release|Any CPU
		{BCE7C21A-0556-4D43-B2FA-C631A386CAA8}.Release|Any CPU.Build.0 = Release|Any CPU
		{BCE7C21A-0556-4D43-B2FA-C631A386CAA8}.Release|arm64.ActiveCfg = Release|Any CPU
		{BCE7C21A-0556-4D43-B2FA-C631A386CAA8}.Release|arm64.Build.0 = Release|Any CPU
		{BCE7C21A-0556-4D43-B2FA-C631A386CAA8}.Release|x64.ActiveCfg = Release|Any CPU
		{BCE7C21A-0556-4D43-B2FA-C631A386CAA8}.Release|x64.Build.0 = Release|Any CPU
		{BCE7C21A-0556-4D43-B2FA-C631A386CAA8}.Release|x86.ActiveCfg = Release|Any CPU
		{BCE7C21A-0556-4D43-B2FA-C631A386CAA8}.Release|x86.Build.0 = Release|Any CPU
		{09B6720D-D776-4FE8-8E1E-517B044BD31F}.Debug|Any CPU.ActiveCfg = Debug|Any CPU
		{09B6720D-D776-4FE8-8E1E-517B044BD31F}.Debug|Any CPU.Build.0 = Debug|Any CPU
		{09B6720D-D776-4FE8-8E1E-517B044BD31F}.Debug|arm64.ActiveCfg = Debug|Any CPU
		{09B6720D-D776-4FE8-8E1E-517B044BD31F}.Debug|arm64.Build.0 = Debug|Any CPU
		{09B6720D-D776-4FE8-8E1E-517B044BD31F}.Debug|x64.ActiveCfg = Debug|Any CPU
		{09B6720D-D776-4FE8-8E1E-517B044BD31F}.Debug|x64.Build.0 = Debug|Any CPU
		{09B6720D-D776-4FE8-8E1E-517B044BD31F}.Debug|x86.ActiveCfg = Debug|Any CPU
		{09B6720D-D776-4FE8-8E1E-517B044BD31F}.Debug|x86.Build.0 = Debug|Any CPU
		{09B6720D-D776-4FE8-8E1E-517B044BD31F}.Release|Any CPU.ActiveCfg = Release|Any CPU
		{09B6720D-D776-4FE8-8E1E-517B044BD31F}.Release|Any CPU.Build.0 = Release|Any CPU
		{09B6720D-D776-4FE8-8E1E-517B044BD31F}.Release|arm64.ActiveCfg = Release|Any CPU
		{09B6720D-D776-4FE8-8E1E-517B044BD31F}.Release|arm64.Build.0 = Release|Any CPU
		{09B6720D-D776-4FE8-8E1E-517B044BD31F}.Release|x64.ActiveCfg = Release|Any CPU
		{09B6720D-D776-4FE8-8E1E-517B044BD31F}.Release|x64.Build.0 = Release|Any CPU
		{09B6720D-D776-4FE8-8E1E-517B044BD31F}.Release|x86.ActiveCfg = Release|Any CPU
		{09B6720D-D776-4FE8-8E1E-517B044BD31F}.Release|x86.Build.0 = Release|Any CPU
		{418FBEC7-E17C-411E-9D33-7FB72DFCB679}.Debug|Any CPU.ActiveCfg = Debug|Any CPU
		{418FBEC7-E17C-411E-9D33-7FB72DFCB679}.Debug|Any CPU.Build.0 = Debug|Any CPU
		{418FBEC7-E17C-411E-9D33-7FB72DFCB679}.Debug|arm64.ActiveCfg = Debug|Any CPU
		{418FBEC7-E17C-411E-9D33-7FB72DFCB679}.Debug|arm64.Build.0 = Debug|Any CPU
		{418FBEC7-E17C-411E-9D33-7FB72DFCB679}.Debug|x64.ActiveCfg = Debug|Any CPU
		{418FBEC7-E17C-411E-9D33-7FB72DFCB679}.Debug|x64.Build.0 = Debug|Any CPU
		{418FBEC7-E17C-411E-9D33-7FB72DFCB679}.Debug|x86.ActiveCfg = Debug|Any CPU
		{418FBEC7-E17C-411E-9D33-7FB72DFCB679}.Debug|x86.Build.0 = Debug|Any CPU
		{418FBEC7-E17C-411E-9D33-7FB72DFCB679}.Release|Any CPU.ActiveCfg = Release|Any CPU
		{418FBEC7-E17C-411E-9D33-7FB72DFCB679}.Release|Any CPU.Build.0 = Release|Any CPU
		{418FBEC7-E17C-411E-9D33-7FB72DFCB679}.Release|arm64.ActiveCfg = Release|Any CPU
		{418FBEC7-E17C-411E-9D33-7FB72DFCB679}.Release|arm64.Build.0 = Release|Any CPU
		{418FBEC7-E17C-411E-9D33-7FB72DFCB679}.Release|x64.ActiveCfg = Release|Any CPU
		{418FBEC7-E17C-411E-9D33-7FB72DFCB679}.Release|x64.Build.0 = Release|Any CPU
		{418FBEC7-E17C-411E-9D33-7FB72DFCB679}.Release|x86.ActiveCfg = Release|Any CPU
		{418FBEC7-E17C-411E-9D33-7FB72DFCB679}.Release|x86.Build.0 = Release|Any CPU
		{B2697E99-F98A-4ED2-A1EB-14CCBCA3FE94}.Debug|Any CPU.ActiveCfg = Debug|Any CPU
		{B2697E99-F98A-4ED2-A1EB-14CCBCA3FE94}.Debug|Any CPU.Build.0 = Debug|Any CPU
		{B2697E99-F98A-4ED2-A1EB-14CCBCA3FE94}.Debug|arm64.ActiveCfg = Debug|Any CPU
		{B2697E99-F98A-4ED2-A1EB-14CCBCA3FE94}.Debug|arm64.Build.0 = Debug|Any CPU
		{B2697E99-F98A-4ED2-A1EB-14CCBCA3FE94}.Debug|x64.ActiveCfg = Debug|Any CPU
		{B2697E99-F98A-4ED2-A1EB-14CCBCA3FE94}.Debug|x64.Build.0 = Debug|Any CPU
		{B2697E99-F98A-4ED2-A1EB-14CCBCA3FE94}.Debug|x86.ActiveCfg = Debug|Any CPU
		{B2697E99-F98A-4ED2-A1EB-14CCBCA3FE94}.Debug|x86.Build.0 = Debug|Any CPU
		{B2697E99-F98A-4ED2-A1EB-14CCBCA3FE94}.Release|Any CPU.ActiveCfg = Release|Any CPU
		{B2697E99-F98A-4ED2-A1EB-14CCBCA3FE94}.Release|Any CPU.Build.0 = Release|Any CPU
		{B2697E99-F98A-4ED2-A1EB-14CCBCA3FE94}.Release|arm64.ActiveCfg = Release|Any CPU
		{B2697E99-F98A-4ED2-A1EB-14CCBCA3FE94}.Release|arm64.Build.0 = Release|Any CPU
		{B2697E99-F98A-4ED2-A1EB-14CCBCA3FE94}.Release|x64.ActiveCfg = Release|Any CPU
		{B2697E99-F98A-4ED2-A1EB-14CCBCA3FE94}.Release|x64.Build.0 = Release|Any CPU
		{B2697E99-F98A-4ED2-A1EB-14CCBCA3FE94}.Release|x86.ActiveCfg = Release|Any CPU
		{B2697E99-F98A-4ED2-A1EB-14CCBCA3FE94}.Release|x86.Build.0 = Release|Any CPU
		{CA0EF36A-C430-47E8-A52C-F58F6FCF9218}.Debug|Any CPU.ActiveCfg = Debug|Any CPU
		{CA0EF36A-C430-47E8-A52C-F58F6FCF9218}.Debug|Any CPU.Build.0 = Debug|Any CPU
		{CA0EF36A-C430-47E8-A52C-F58F6FCF9218}.Debug|arm64.ActiveCfg = Debug|Any CPU
		{CA0EF36A-C430-47E8-A52C-F58F6FCF9218}.Debug|arm64.Build.0 = Debug|Any CPU
		{CA0EF36A-C430-47E8-A52C-F58F6FCF9218}.Debug|x64.ActiveCfg = Debug|Any CPU
		{CA0EF36A-C430-47E8-A52C-F58F6FCF9218}.Debug|x64.Build.0 = Debug|Any CPU
		{CA0EF36A-C430-47E8-A52C-F58F6FCF9218}.Debug|x86.ActiveCfg = Debug|Any CPU
		{CA0EF36A-C430-47E8-A52C-F58F6FCF9218}.Debug|x86.Build.0 = Debug|Any CPU
		{CA0EF36A-C430-47E8-A52C-F58F6FCF9218}.Release|Any CPU.ActiveCfg = Release|Any CPU
		{CA0EF36A-C430-47E8-A52C-F58F6FCF9218}.Release|Any CPU.Build.0 = Release|Any CPU
		{CA0EF36A-C430-47E8-A52C-F58F6FCF9218}.Release|arm64.ActiveCfg = Release|Any CPU
		{CA0EF36A-C430-47E8-A52C-F58F6FCF9218}.Release|arm64.Build.0 = Release|Any CPU
		{CA0EF36A-C430-47E8-A52C-F58F6FCF9218}.Release|x64.ActiveCfg = Release|Any CPU
		{CA0EF36A-C430-47E8-A52C-F58F6FCF9218}.Release|x64.Build.0 = Release|Any CPU
		{CA0EF36A-C430-47E8-A52C-F58F6FCF9218}.Release|x86.ActiveCfg = Release|Any CPU
		{CA0EF36A-C430-47E8-A52C-F58F6FCF9218}.Release|x86.Build.0 = Release|Any CPU
	EndGlobalSection
	GlobalSection(SolutionProperties) = preSolution
		HideSolutionNode = FALSE
	EndGlobalSection
	GlobalSection(NestedProjects) = preSolution
		{9E17CD39-8D43-4397-BD25-C0D9263CA943} = {D7C56136-0810-4475-A10C-6A6CE1E627C7}
		{09B6720D-D776-4FE8-8E1E-517B044BD31F} = {212E691E-6196-48F0-8446-A140D8A689E7}
		{418FBEC7-E17C-411E-9D33-7FB72DFCB679} = {212E691E-6196-48F0-8446-A140D8A689E7}
		{B2697E99-F98A-4ED2-A1EB-14CCBCA3FE94} = {D7C56136-0810-4475-A10C-6A6CE1E627C7}
		{CA0EF36A-C430-47E8-A52C-F58F6FCF9218} = {212E691E-6196-48F0-8446-A140D8A689E7}
	EndGlobalSection
	GlobalSection(ExtensibilityGlobals) = postSolution
		SolutionGuid = {7C7DBC1D-6C14-4396-A84C-2FC91F143C81}
	EndGlobalSection
EndGlobal
